
Microsoft Visual Studio Solution File, Format Version 12.00
Project("{FAE04EC0-301F-11D3-BF4B-00C04F79EFBC}") = "WinFormsApp1", "WinFormsApp1.csproj", "{A69208BB-417A-4760-9437-E7D87F416621}"
EndProject
Global
	GlobalSection(SolutionConfigurationPlatforms) = preSolution
		Debug|Any CPU = Debug|Any CPU
		Release|Any CPU = Release|Any CPU
	EndGlobalSection
	GlobalSection(ProjectConfigurationPlatforms) = postSolution
		{A69208BB-417A-4760-9437-E7D87F416621}.Debug|Any CPU.ActiveCfg = Debug|Any CPU
		{A69208BB-417A-4760-9437-E7D87F416621}.Debug|Any CPU.Build.0 = Debug|Any CPU
		{A69208BB-417A-4760-9437-E7D87F416621}.Release|Any CPU.ActiveCfg = Release|Any CPU
		{A69208BB-417A-4760-9437-E7D87F416621}.Release|Any CPU.Build.0 = Release|Any CPU
	EndGlobalSection
EndGlobal
